<?xml version="1.0" encoding="UTF-8"?>
<Scheme
   version = "1.3">
   <BuildAction>
      <BuildActionEntries>
         <BuildActionEntry
            buildForRunning = "YES">
            <BuildableReference
               BuildableIdentifier = "primary"
               BlueprintIdentifier = "852EE21927782DB7006EFFF7"
               BuildableName = "ElektronReader.app"
               BlueprintName = "ElektronReader (iOS)"
               ReferencedContainer = "container:ElektronReader.xcodeproj">
            </BuildableReference>
         </BuildActionEntry>
      </BuildActionEntries>
   </BuildAction>
   <LaunchAction
      useCustomWorkingDirectory = "NO"
      buildConfiguration = "Debug"
      allowLocationSimulation = "YES">
      <BuildableProductRunnable>
         <BuildableReference
            BuildableIdentifier = "primary"
            BlueprintIdentifier = "852EE21927782DB7006EFFF7"
            BuildableName = "ElektronReader.app"
            BlueprintName = "ElektronReader (iOS)"
            ReferencedContainer = "container:ElektronReader.xcodeproj">
         </BuildableReference>
      </BuildableProductRunnable>
   </LaunchAction>
</Scheme>
