// !$*UTF8*$!
{
	archiveVersion = 1;
	classes = {
	};
	objectVersion = 55;
	objects = {

/* Begin PBXBuildFile section */
		393C99F36F07BBB79AF8ADB6 /* Pods_ElektronReader__iOS_.framework in Frameworks */ = {isa = PBXBuildFile; fileRef = C3FEC8D8D71F4A2B37D5002B /* Pods_ElektronReader__iOS_.framework */; };
		70599D5030686E95F332CFA7 /* Pods_ElektronReader__macOS_.framework in Frameworks */ = {isa = PBXBuildFile; fileRef = 2FE049F15225A845C4ADD430 /* Pods_ElektronReader__macOS_.framework */; };
		852EE22327782DB7006EFFF7 /* ElektronReader.xcdatamodeld in Sources */ = {isa = PBXBuildFile; fileRef = 852EE21027782DB6006EFFF7 /* ElektronReader.xcdatamodeld */; };
		852EE22427782DB7006EFFF7 /* ElektronReader.xcdatamodeld in Sources */ = {isa = PBXBuildFile; fileRef = 852EE21027782DB6006EFFF7 /* ElektronReader.xcdatamodeld */; };
		852EE22527782DB7006EFFF7 /* ElektronReaderApp.swift in Sources */ = {isa = PBXBuildFile; fileRef = 852EE21227782DB6006EFFF7 /* ElektronReaderApp.swift */; };
		852EE22627782DB7006EFFF7 /* ElektronReaderApp.swift in Sources */ = {isa = PBXBuildFile; fileRef = 852EE21227782DB6006EFFF7 /* ElektronReaderApp.swift */; };
		852EE22727782DB7006EFFF7 /* ContentView.swift in Sources */ = {isa = PBXBuildFile; fileRef = 852EE21327782DB6006EFFF7 /* ContentView.swift */; };
		852EE22827782DB7006EFFF7 /* ContentView.swift in Sources */ = {isa = PBXBuildFile; fileRef = 852EE21327782DB6006EFFF7 /* ContentView.swift */; };
		852EE22927782DB7006EFFF7 /* Persistence.swift in Sources */ = {isa = PBXBuildFile; fileRef = 852EE21427782DB6006EFFF7 /* Persistence.swift */; };
		852EE22A27782DB7006EFFF7 /* Persistence.swift in Sources */ = {isa = PBXBuildFile; fileRef = 852EE21427782DB6006EFFF7 /* Persistence.swift */; };
		852EE22B27782DB7006EFFF7 /* Assets.xcassets in Resources */ = {isa = PBXBuildFile; fileRef = 852EE21527782DB7006EFFF7 /* Assets.xcassets */; };
		852EE22C27782DB7006EFFF7 /* Assets.xcassets in Resources */ = {isa = PBXBuildFile; fileRef = 852EE21527782DB7006EFFF7 /* Assets.xcassets */; };
		8544E8672778357800568328 /* PDFDocView.swift in Sources */ = {isa = PBXBuildFile; fileRef = 8544E8662778357800568328 /* PDFDocView.swift */; };
		8544E8682778357800568328 /* PDFDocView.swift in Sources */ = {isa = PBXBuildFile; fileRef = 8544E8662778357800568328 /* PDFDocView.swift */; };
		8544E86B277842CB00568328 /* PDFDocPicker.swift in Sources */ = {isa = PBXBuildFile; fileRef = 8544E86A277842CB00568328 /* PDFDocPicker.swift */; };
/* End PBXBuildFile section */

/* Begin PBXFileReference section */
		2B40458434FA7E647A75D0E9 /* Pods-ElektronReader (macOS).debug.xcconfig */ = {isa = PBXFileReference; includeInIndex = 1; lastKnownFileType = text.xcconfig; name = "Pods-ElektronReader (macOS).debug.xcconfig"; path = "Target Support Files/Pods-ElektronReader (macOS)/Pods-ElektronReader (macOS).debug.xcconfig"; sourceTree = "<group>"; };
		2FE049F15225A845C4ADD430 /* Pods_ElektronReader__macOS_.framework */ = {isa = PBXFileReference; explicitFileType = wrapper.framework; includeInIndex = 0; path = Pods_ElektronReader__macOS_.framework; sourceTree = BUILT_PRODUCTS_DIR; };
		5998C34DCD6A5081B64745B6 /* Pods-ElektronReader (macOS).release.xcconfig */ = {isa = PBXFileReference; includeInIndex = 1; lastKnownFileType = text.xcconfig; name = "Pods-ElektronReader (macOS).release.xcconfig"; path = "Target Support Files/Pods-ElektronReader (macOS)/Pods-ElektronReader (macOS).release.xcconfig"; sourceTree = "<group>"; };
		852EE21127782DB6006EFFF7 /* Shared.xcdatamodel */ = {isa = PBXFileReference; lastKnownFileType = wrapper.xcdatamodel; path = Shared.xcdatamodel; sourceTree = "<group>"; };
		852EE21227782DB6006EFFF7 /* ElektronReaderApp.swift */ = {isa = PBXFileReference; lastKnownFileType = sourcecode.swift; path = ElektronReaderApp.swift; sourceTree = "<group>"; };
		852EE21327782DB6006EFFF7 /* ContentView.swift */ = {isa = PBXFileReference; lastKnownFileType = sourcecode.swift; path = ContentView.swift; sourceTree = "<group>"; };
		852EE21427782DB6006EFFF7 /* Persistence.swift */ = {isa = PBXFileReference; lastKnownFileType = sourcecode.swift; path = Persistence.swift; sourceTree = "<group>"; };
		852EE21527782DB7006EFFF7 /* Assets.xcassets */ = {isa = PBXFileReference; lastKnownFileType = folder.assetcatalog; path = Assets.xcassets; sourceTree = "<group>"; };
		852EE21A27782DB7006EFFF7 /* ElektronReader.app */ = {isa = PBXFileReference; explicitFileType = wrapper.application; includeInIndex = 0; path = ElektronReader.app; sourceTree = BUILT_PRODUCTS_DIR; };
		852EE22027782DB7006EFFF7 /* ElektronReader.app */ = {isa = PBXFileReference; explicitFileType = wrapper.application; includeInIndex = 0; path = ElektronReader.app; sourceTree = BUILT_PRODUCTS_DIR; };
		852EE22227782DB7006EFFF7 /* macOS.entitlements */ = {isa = PBXFileReference; lastKnownFileType = text.plist.entitlements; path = macOS.entitlements; sourceTree = "<group>"; };
		8544E8662778357800568328 /* PDFDocView.swift */ = {isa = PBXFileReference; lastKnownFileType = sourcecode.swift; path = PDFDocView.swift; sourceTree = "<group>"; };
		8544E86927783A3F00568328 /* ElektronReader (iOS).entitlements */ = {isa = PBXFileReference; lastKnownFileType = text.plist.entitlements; path = "ElektronReader (iOS).entitlements"; sourceTree = "<group>"; };
		8544E86A277842CB00568328 /* PDFDocPicker.swift */ = {isa = PBXFileReference; lastKnownFileType = sourcecode.swift; path = PDFDocPicker.swift; sourceTree = "<group>"; };
		958BE7BFC933183DED788999 /* Pods-ElektronReader (iOS).release.xcconfig */ = {isa = PBXFileReference; includeInIndex = 1; lastKnownFileType = text.xcconfig; name = "Pods-ElektronReader (iOS).release.xcconfig"; path = "Target Support Files/Pods-ElektronReader (iOS)/Pods-ElektronReader (iOS).release.xcconfig"; sourceTree = "<group>"; };
		B5E4C3076609422C65CA0288 /* Pods-ElektronReader (iOS).debug.xcconfig */ = {isa = PBXFileReference; includeInIndex = 1; lastKnownFileType = text.xcconfig; name = "Pods-ElektronReader (iOS).debug.xcconfig"; path = "Target Support Files/Pods-ElektronReader (iOS)/Pods-ElektronReader (iOS).debug.xcconfig"; sourceTree = "<group>"; };
		C3FEC8D8D71F4A2B37D5002B /* Pods_ElektronReader__iOS_.framework */ = {isa = PBXFileReference; explicitFileType = wrapper.framework; includeInIndex = 0; path = Pods_ElektronReader__iOS_.framework; sourceTree = BUILT_PRODUCTS_DIR; };
/* End PBXFileReference section */

/* Begin PBXFrameworksBuildPhase section */
		852EE21727782DB7006EFFF7 /* Frameworks */ = {
			isa = PBXFrameworksBuildPhase;
			buildActionMask = 2147483647;
			files = (
				393C99F36F07BBB79AF8ADB6 /* Pods_ElektronReader__iOS_.framework in Frameworks */,
			);
			runOnlyForDeploymentPostprocessing = 0;
		};
		852EE21D27782DB7006EFFF7 /* Frameworks */ = {
			isa = PBXFrameworksBuildPhase;
			buildActionMask = 2147483647;
			files = (
				70599D5030686E95F332CFA7 /* Pods_ElektronReader__macOS_.framework in Frameworks */,
			);
			runOnlyForDeploymentPostprocessing = 0;
		};
/* End PBXFrameworksBuildPhase section */

/* Begin PBXGroup section */
		441E443D0917FE5144EEE3BF /* Frameworks */ = {
			isa = PBXGroup;
			children = (
				C3FEC8D8D71F4A2B37D5002B /* Pods_ElektronReader__iOS_.framework */,
				2FE049F15225A845C4ADD430 /* Pods_ElektronReader__macOS_.framework */,
			);
			name = Frameworks;
			sourceTree = "<group>";
		};
		7877E88213D67636AEF12F76 /* Pods */ = {
			isa = PBXGroup;
			children = (
				B5E4C3076609422C65CA0288 /* Pods-ElektronReader (iOS).debug.xcconfig */,
				958BE7BFC933183DED788999 /* Pods-ElektronReader (iOS).release.xcconfig */,
				2B40458434FA7E647A75D0E9 /* Pods-ElektronReader (macOS).debug.xcconfig */,
				5998C34DCD6A5081B64745B6 /* Pods-ElektronReader (macOS).release.xcconfig */,
			);
			path = Pods;
			sourceTree = "<group>";
		};
		852EE20A27782DB6006EFFF7 = {
			isa = PBXGroup;
			children = (
				8544E86927783A3F00568328 /* ElektronReader (iOS).entitlements */,
				852EE20F27782DB6006EFFF7 /* Shared */,
				852EE22127782DB7006EFFF7 /* macOS */,
				852EE21B27782DB7006EFFF7 /* Products */,
				7877E88213D67636AEF12F76 /* Pods */,
				441E443D0917FE5144EEE3BF /* Frameworks */,
			);
			sourceTree = "<group>";
		};
		852EE20F27782DB6006EFFF7 /* Shared */ = {
			isa = PBXGroup;
			children = (
				852EE21227782DB6006EFFF7 /* ElektronReaderApp.swift */,
				852EE21327782DB6006EFFF7 /* ContentView.swift */,
				852EE21427782DB6006EFFF7 /* Persistence.swift */,
				852EE21527782DB7006EFFF7 /* Assets.xcassets */,
				852EE21027782DB6006EFFF7 /* ElektronReader.xcdatamodeld */,
				8544E8662778357800568328 /* PDFDocView.swift */,
				8544E86A277842CB00568328 /* PDFDocPicker.swift */,
			);
			path = Shared;
			sourceTree = "<group>";
		};
		852EE21B27782DB7006EFFF7 /* Products */ = {
			isa = PBXGroup;
			children = (
				852EE21A27782DB7006EFFF7 /* ElektronReader.app */,
				852EE22027782DB7006EFFF7 /* ElektronReader.app */,
			);
			name = Products;
			sourceTree = "<group>";
		};
		852EE22127782DB7006EFFF7 /* macOS */ = {
			isa = PBXGroup;
			children = (
				852EE22227782DB7006EFFF7 /* macOS.entitlements */,
			);
			path = macOS;
			sourceTree = "<group>";
		};
/* End PBXGroup section */

/* Begin PBXNativeTarget section */
		852EE21927782DB7006EFFF7 /* ElektronReader (iOS) */ = {
			isa = PBXNativeTarget;
			buildConfigurationList = 852EE22F27782DB7006EFFF7 /* Build configuration list for PBXNativeTarget "ElektronReader (iOS)" */;
			buildPhases = (
				02720CDC9B8A7020BE0AABE7 /* [CP] Check Pods Manifest.lock */,
				852EE21627782DB7006EFFF7 /* Sources */,
				852EE21727782DB7006EFFF7 /* Frameworks */,
				852EE21827782DB7006EFFF7 /* Resources */,
				430295855E366FA7D52DE496 /* [CP] Embed Pods Frameworks */,
			);
			buildRules = (
			);
			dependencies = (
			);
			name = "ElektronReader (iOS)";
			productName = "ElektronReader (iOS)";
			productReference = 852EE21A27782DB7006EFFF7 /* ElektronReader.app */;
			productType = "com.apple.product-type.application";
		};
		852EE21F27782DB7006EFFF7 /* ElektronReader (macOS) */ = {
			isa = PBXNativeTarget;
			buildConfigurationList = 852EE23227782DB7006EFFF7 /* Build configuration list for PBXNativeTarget "ElektronReader (macOS)" */;
			buildPhases = (
				BCBCF36BF435B11F9EE98319 /* [CP] Check Pods Manifest.lock */,
				852EE21C27782DB7006EFFF7 /* Sources */,
				852EE21D27782DB7006EFFF7 /* Frameworks */,
				852EE21E27782DB7006EFFF7 /* Resources */,
				37A1A0C418EB051C67E0B73D /* [CP] Embed Pods Frameworks */,
			);
			buildRules = (
			);
			dependencies = (
			);
			name = "ElektronReader (macOS)";
			productName = "ElektronReader (macOS)";
			productReference = 852EE22027782DB7006EFFF7 /* ElektronReader.app */;
			productType = "com.apple.product-type.application";
		};
/* End PBXNativeTarget section */

/* Begin PBXProject section */
		852EE20B27782DB6006EFFF7 /* Project object */ = {
			isa = PBXProject;
			attributes = {
				BuildIndependentTargetsInParallel = 1;
				LastSwiftUpdateCheck = 1320;
				LastUpgradeCheck = 1320;
				TargetAttributes = {
					852EE21927782DB7006EFFF7 = {
						CreatedOnToolsVersion = 13.2.1;
					};
					852EE21F27782DB7006EFFF7 = {
						CreatedOnToolsVersion = 13.2.1;
					};
				};
			};
			buildConfigurationList = 852EE20E27782DB6006EFFF7 /* Build configuration list for PBXProject "ElektronReader" */;
			compatibilityVersion = "Xcode 13.0";
			developmentRegion = en;
			hasScannedForEncodings = 0;
			knownRegions = (
				en,
				Base,
			);
			mainGroup = 852EE20A27782DB6006EFFF7;
			productRefGroup = 852EE21B27782DB7006EFFF7 /* Products */;
			projectDirPath = "";
			projectRoot = "";
			targets = (
				852EE21927782DB7006EFFF7 /* ElektronReader (iOS) */,
				852EE21F27782DB7006EFFF7 /* ElektronReader (macOS) */,
			);
		};
/* End PBXProject section */

/* Begin PBXResourcesBuildPhase section */
		852EE21827782DB7006EFFF7 /* Resources */ = {
			isa = PBXResourcesBuildPhase;
			buildActionMask = 2147483647;
			files = (
				852EE22B27782DB7006EFFF7 /* Assets.xcassets in Resources */,
			);
			runOnlyForDeploymentPostprocessing = 0;
		};
		852EE21E27782DB7006EFFF7 /* Resources */ = {
			isa = PBXResourcesBuildPhase;
			buildActionMask = 2147483647;
			files = (
				852EE22C27782DB7006EFFF7 /* Assets.xcassets in Resources */,
			);
			runOnlyForDeploymentPostprocessing = 0;
		};
/* End PBXResourcesBuildPhase section */

/* Begin PBXShellScriptBuildPhase section */
		02720CDC9B8A7020BE0AABE7 /* [CP] Check Pods Manifest.lock */ = {
			isa = PBXShellScriptBuildPhase;
			buildActionMask = 2147483647;
			files = (
			);
			inputFileListPaths = (
			);
			inputPaths = (
				"${PODS_PODFILE_DIR_PATH}/Podfile.lock",
				"${PODS_ROOT}/Manifest.lock",
			);
			name = "[CP] Check Pods Manifest.lock";
			outputFileListPaths = (
			);
			outputPaths = (
				"$(DERIVED_FILE_DIR)/Pods-ElektronReader (iOS)-checkManifestLockResult.txt",
			);
			runOnlyForDeploymentPostprocessing = 0;
			shellPath = /bin/sh;
			shellScript = "diff \"${PODS_PODFILE_DIR_PATH}/Podfile.lock\" \"${PODS_ROOT}/Manifest.lock\" > /dev/null\nif [ $? != 0 ] ; then\n    # print error to STDERR\n    echo \"error: The sandbox is not in sync with the Podfile.lock. Run 'pod install' or update your CocoaPods installation.\" >&2\n    exit 1\nfi\n# This output is used by Xcode 'outputs' to avoid re-running this script phase.\necho \"SUCCESS\" > \"${SCRIPT_OUTPUT_FILE_0}\"\n";
			showEnvVarsInLog = 0;
		};
		37A1A0C418EB051C67E0B73D /* [CP] Embed Pods Frameworks */ = {
			isa = PBXShellScriptBuildPhase;
			buildActionMask = 2147483647;
			files = (
			);
			inputFileListPaths = (
				"${PODS_ROOT}/Target Support Files/Pods-ElektronReader (macOS)/Pods-ElektronReader (macOS)-frameworks-${CONFIGURATION}-input-files.xcfilelist",
			);
			name = "[CP] Embed Pods Frameworks";
			outputFileListPaths = (
				"${PODS_ROOT}/Target Support Files/Pods-ElektronReader (macOS)/Pods-ElektronReader (macOS)-frameworks-${CONFIGURATION}-output-files.xcfilelist",
			);
			runOnlyForDeploymentPostprocessing = 0;
			shellPath = /bin/sh;
			shellScript = "\"${PODS_ROOT}/Target Support Files/Pods-ElektronReader (macOS)/Pods-ElektronReader (macOS)-frameworks.sh\"\n";
			showEnvVarsInLog = 0;
		};
		430295855E366FA7D52DE496 /* [CP] Embed Pods Frameworks */ = {
			isa = PBXShellScriptBuildPhase;
			buildActionMask = 2147483647;
			files = (
			);
			inputFileListPaths = (
				"${PODS_ROOT}/Target Support Files/Pods-ElektronReader (iOS)/Pods-ElektronReader (iOS)-frameworks-${CONFIGURATION}-input-files.xcfilelist",
			);
			name = "[CP] Embed Pods Frameworks";
			outputFileListPaths = (
				"${PODS_ROOT}/Target Support Files/Pods-ElektronReader (iOS)/Pods-ElektronReader (iOS)-frameworks-${CONFIGURATION}-output-files.xcfilelist",
			);
			runOnlyForDeploymentPostprocessing = 0;
			shellPath = /bin/sh;
			shellScript = "\"${PODS_ROOT}/Target Support Files/Pods-ElektronReader (iOS)/Pods-ElektronReader (iOS)-frameworks.sh\"\n";
			showEnvVarsInLog = 0;
		};
		BCBCF36BF435B11F9EE98319 /* [CP] Check Pods Manifest.lock */ = {
			isa = PBXShellScriptBuildPhase;
			buildActionMask = 2147483647;
			files = (
			);
			inputFileListPaths = (
			);
			inputPaths = (
				"${PODS_PODFILE_DIR_PATH}/Podfile.lock",
				"${PODS_ROOT}/Manifest.lock",
			);
			name = "[CP] Check Pods Manifest.lock";
			outputFileListPaths = (
			);
			outputPaths = (
				"$(DERIVED_FILE_DIR)/Pods-ElektronReader (macOS)-checkManifestLockResult.txt",
			);
			runOnlyForDeploymentPostprocessing = 0;
			shellPath = /bin/sh;
			shellScript = "diff \"${PODS_PODFILE_DIR_PATH}/Podfile.lock\" \"${PODS_ROOT}/Manifest.lock\" > /dev/null\nif [ $? != 0 ] ; then\n    # print error to STDERR\n    echo \"error: The sandbox is not in sync with the Podfile.lock. Run 'pod install' or update your CocoaPods installation.\" >&2\n    exit 1\nfi\n# This output is used by Xcode 'outputs' to avoid re-running this script phase.\necho \"SUCCESS\" > \"${SCRIPT_OUTPUT_FILE_0}\"\n";
			showEnvVarsInLog = 0;
		};
/* End PBXShellScriptBuildPhase section */

/* Begin PBXSourcesBuildPhase section */
		852EE21627782DB7006EFFF7 /* Sources */ = {
			isa = PBXSourcesBuildPhase;
			buildActionMask = 2147483647;
			files = (
				852EE22527782DB7006EFFF7 /* ElektronReaderApp.swift in Sources */,
				852EE22927782DB7006EFFF7 /* Persistence.swift in Sources */,
				8544E8672778357800568328 /* PDFDocView.swift in Sources */,
				8544E86B277842CB00568328 /* PDFDocPicker.swift in Sources */,
				852EE22327782DB7006EFFF7 /* ElektronReader.xcdatamodeld in Sources */,
				852EE22727782DB7006EFFF7 /* ContentView.swift in Sources */,
			);
			runOnlyForDeploymentPostprocessing = 0;
		};
		852EE21C27782DB7006EFFF7 /* Sources */ = {
			isa = PBXSourcesBuildPhase;
			buildActionMask = 2147483647;
			files = (
				852EE22627782DB7006EFFF7 /* ElektronReaderApp.swift in Sources */,
				852EE22A27782DB7006EFFF7 /* Persistence.swift in Sources */,
				8544E8682778357800568328 /* PDFDocView.swift in Sources */,
				852EE22427782DB7006EFFF7 /* ElektronReader.xcdatamodeld in Sources */,
				852EE22827782DB7006EFFF7 /* ContentView.swift in Sources */,
			);
			runOnlyForDeploymentPostprocessing = 0;
		};
/* End PBXSourcesBuildPhase section */

/* Begin XCBuildConfiguration section */
		852EE22D27782DB7006EFFF7 /* Debug */ = {
			isa = XCBuildConfiguration;
			buildSettings = {
				ALWAYS_SEARCH_USER_PATHS = NO;
				CLANG_ANALYZER_NONNULL = YES;
				CLANG_ANALYZER_NUMBER_OBJECT_CONVERSION = YES_AGGRESSIVE;
				CLANG_CXX_LANGUAGE_STANDARD = "gnu++17";
				CLANG_CXX_LIBRARY = "libc++";
				CLANG_ENABLE_MODULES = YES;
				CLANG_ENABLE_OBJC_ARC = YES;
				CLANG_ENABLE_OBJC_WEAK = YES;
				CLANG_WARN_BLOCK_CAPTURE_AUTORELEASING = YES;
				CLANG_WARN_BOOL_CONVERSION = YES;
				CLANG_WARN_COMMA = YES;
				CLANG_WARN_CONSTANT_CONVERSION = YES;
				CLANG_WARN_DEPRECATED_OBJC_IMPLEMENTATIONS = YES;
				CLANG_WARN_DIRECT_OBJC_ISA_USAGE = YES_ERROR;
				CLANG_WARN_DOCUMENTATION_COMMENTS = YES;
				CLANG_WARN_EMPTY_BODY = YES;
				CLANG_WARN_ENUM_CONVERSION = YES;
				CLANG_WARN_INFINITE_RECURSION = YES;
				CLANG_WARN_INT_CONVERSION = YES;
				CLANG_WARN_NON_LITERAL_NULL_CONVERSION = YES;
				CLANG_WARN_OBJC_IMPLICIT_RETAIN_SELF = YES;
				CLANG_WARN_OBJC_LITERAL_CONVERSION = YES;
				CLANG_WARN_OBJC_ROOT_CLASS = YES_ERROR;
				CLANG_WARN_QUOTED_INCLUDE_IN_FRAMEWORK_HEADER = YES;
				CLANG_WARN_RANGE_LOOP_ANALYSIS = YES;
				CLANG_WARN_STRICT_PROTOTYPES = YES;
				CLANG_WARN_SUSPICIOUS_MOVE = YES;
				CLANG_WARN_UNGUARDED_AVAILABILITY = YES_AGGRESSIVE;
				CLANG_WARN_UNREACHABLE_CODE = YES;
				CLANG_WARN__DUPLICATE_METHOD_MATCH = YES;
				COPY_PHASE_STRIP = NO;
				DEBUG_INFORMATION_FORMAT = dwarf;
				ENABLE_STRICT_OBJC_MSGSEND = YES;
				ENABLE_TESTABILITY = YES;
				GCC_C_LANGUAGE_STANDARD = gnu11;
				GCC_DYNAMIC_NO_PIC = NO;
				GCC_NO_COMMON_BLOCKS = YES;
				GCC_OPTIMIZATION_LEVEL = 0;
				GCC_PREPROCESSOR_DEFINITIONS = (
					"DEBUG=1",
					"$(inherited)",
				);
				GCC_WARN_64_TO_32_BIT_CONVERSION = YES;
				GCC_WARN_ABOUT_RETURN_TYPE = YES_ERROR;
				GCC_WARN_UNDECLARED_SELECTOR = YES;
				GCC_WARN_UNINITIALIZED_AUTOS = YES_AGGRESSIVE;
				GCC_WARN_UNUSED_FUNCTION = YES;
				GCC_WARN_UNUSED_VARIABLE = YES;
				MTL_ENABLE_DEBUG_INFO = INCLUDE_SOURCE;
				MTL_FAST_MATH = YES;
				ONLY_ACTIVE_ARCH = YES;
				SWIFT_ACTIVE_COMPILATION_CONDITIONS = DEBUG;
				SWIFT_OPTIMIZATION_LEVEL = "-Onone";
			};
			name = Debug;
		};
		852EE22E27782DB7006EFFF7 /* Release */ = {
			isa = XCBuildConfiguration;
			buildSettings = {
				ALWAYS_SEARCH_USER_PATHS = NO;
				CLANG_ANALYZER_NONNULL = YES;
				CLANG_ANALYZER_NUMBER_OBJECT_CONVERSION = YES_AGGRESSIVE;
				CLANG_CXX_LANGUAGE_STANDARD = "gnu++17";
				CLANG_CXX_LIBRARY = "libc++";
				CLANG_ENABLE_MODULES = YES;
				CLANG_ENABLE_OBJC_ARC = YES;
				CLANG_ENABLE_OBJC_WEAK = YES;
				CLANG_WARN_BLOCK_CAPTURE_AUTORELEASING = YES;
				CLANG_WARN_BOOL_CONVERSION = YES;
				CLANG_WARN_COMMA = YES;
				CLANG_WARN_CONSTANT_CONVERSION = YES;
				CLANG_WARN_DEPRECATED_OBJC_IMPLEMENTATIONS = YES;
				CLANG_WARN_DIRECT_OBJC_ISA_USAGE = YES_ERROR;
				CLANG_WARN_DOCUMENTATION_COMMENTS = YES;
				CLANG_WARN_EMPTY_BODY = YES;
				CLANG_WARN_ENUM_CONVERSION = YES;
				CLANG_WARN_INFINITE_RECURSION = YES;
				CLANG_WARN_INT_CONVERSION = YES;
				CLANG_WARN_NON_LITERAL_NULL_CONVERSION = YES;
				CLANG_WARN_OBJC_IMPLICIT_RETAIN_SELF = YES;
				CLANG_WARN_OBJC_LITERAL_CONVERSION = YES;
				CLANG_WARN_OBJC_ROOT_CLASS = YES_ERROR;
				CLANG_WARN_QUOTED_INCLUDE_IN_FRAMEWORK_HEADER = YES;
				CLANG_WARN_RANGE_LOOP_ANALYSIS = YES;
				CLANG_WARN_STRICT_PROTOTYPES = YES;
				CLANG_WARN_SUSPICIOUS_MOVE = YES;
				CLANG_WARN_UNGUARDED_AVAILABILITY = YES_AGGRESSIVE;
				CLANG_WARN_UNREACHABLE_CODE = YES;
				CLANG_WARN__DUPLICATE_METHOD_MATCH = YES;
				COPY_PHASE_STRIP = NO;
				DEBUG_INFORMATION_FORMAT = "dwarf-with-dsym";
				ENABLE_NS_ASSERTIONS = NO;
				ENABLE_STRICT_OBJC_MSGSEND = YES;
				GCC_C_LANGUAGE_STANDARD = gnu11;
				GCC_NO_COMMON_BLOCKS = YES;
				GCC_WARN_64_TO_32_BIT_CONVERSION = YES;
				GCC_WARN_ABOUT_RETURN_TYPE = YES_ERROR;
				GCC_WARN_UNDECLARED_SELECTOR = YES;
				GCC_WARN_UNINITIALIZED_AUTOS = YES_AGGRESSIVE;
				GCC_WARN_UNUSED_FUNCTION = YES;
				GCC_WARN_UNUSED_VARIABLE = YES;
				MTL_ENABLE_DEBUG_INFO = NO;
				MTL_FAST_MATH = YES;
				SWIFT_COMPILATION_MODE = wholemodule;
				SWIFT_OPTIMIZATION_LEVEL = "-O";
			};
			name = Release;
		};
		852EE23027782DB7006EFFF7 /* Debug */ = {
			isa = XCBuildConfiguration;
			baseConfigurationReference = B5E4C3076609422C65CA0288 /* Pods-ElektronReader (iOS).debug.xcconfig */;
			buildSettings = {
				ASSETCATALOG_COMPILER_APPICON_NAME = AppIcon;
				ASSETCATALOG_COMPILER_GLOBAL_ACCENT_COLOR_NAME = AccentColor;
				CODE_SIGN_ENTITLEMENTS = "ElektronReader (iOS).entitlements";
				CODE_SIGN_STYLE = Automatic;
				CURRENT_PROJECT_VERSION = 1;
				DEVELOPMENT_TEAM = YQU64G4LPB;
				ENABLE_PREVIEWS = YES;
				GENERATE_INFOPLIST_FILE = YES;
				INFOPLIST_KEY_LSApplicationCategoryType = "public.app-category.utilities";
				INFOPLIST_KEY_UIApplicationSceneManifest_Generation = YES;
				INFOPLIST_KEY_UIApplicationSupportsIndirectInputEvents = YES;
				INFOPLIST_KEY_UILaunchScreen_Generation = YES;
				INFOPLIST_KEY_UISupportedInterfaceOrientations_iPad = "UIInterfaceOrientationPortrait UIInterfaceOrientationPortraitUpsideDown UIInterfaceOrientationLandscapeLeft UIInterfaceOrientationLandscapeRight";
				INFOPLIST_KEY_UISupportedInterfaceOrientations_iPhone = "UIInterfaceOrientationPortrait UIInterfaceOrientationLandscapeLeft UIInterfaceOrientationLandscapeRight";
				IPHONEOS_DEPLOYMENT_TARGET = 15.2;
				LD_RUNPATH_SEARCH_PATHS = (
					"$(inherited)",
					"@executable_path/Frameworks",
				);
				MARKETING_VERSION = 1.0;
				PRODUCT_BUNDLE_IDENTIFIER = com.jacksonhu.ElektronReader;
				PRODUCT_NAME = ElektronReader;
				SDKROOT = iphoneos;
				SUPPORTS_MACCATALYST = YES;
				SWIFT_EMIT_LOC_STRINGS = YES;
				SWIFT_VERSION = 5.0;
				TARGETED_DEVICE_FAMILY = "1,2,6";
			};
			name = Debug;
		};
		852EE23127782DB7006EFFF7 /* Release */ = {
			isa = XCBuildConfiguration;
			baseConfigurationReference = 958BE7BFC933183DED788999 /* Pods-ElektronReader (iOS).release.xcconfig */;
			buildSettings = {
				ASSETCATALOG_COMPILER_APPICON_NAME = AppIcon;
				ASSETCATALOG_COMPILER_GLOBAL_ACCENT_COLOR_NAME = AccentColor;
				CODE_SIGN_ENTITLEMENTS = "ElektronReader (iOS).entitlements";
				CODE_SIGN_STYLE = Automatic;
				CURRENT_PROJECT_VERSION = 1;
				DEVELOPMENT_TEAM = YQU64G4LPB;
				ENABLE_PREVIEWS = YES;
				GENERATE_INFOPLIST_FILE = YES;
				INFOPLIST_KEY_LSApplicationCategoryType = "public.app-category.utilities";
				INFOPLIST_KEY_UIApplicationSceneManifest_Generation = YES;
				INFOPLIST_KEY_UIApplicationSupportsIndirectInputEvents = YES;
				INFOPLIST_KEY_UILaunchScreen_Generation = YES;
				INFOPLIST_KEY_UISupportedInterfaceOrientations_iPad = "UIInterfaceOrientationPortrait UIInterfaceOrientationPortraitUpsideDown UIInterfaceOrientationLandscapeLeft UIInterfaceOrientationLandscapeRight";
				INFOPLIST_KEY_UISupportedInterfaceOrientations_iPhone = "UIInterfaceOrientationPortrait UIInterfaceOrientationLandscapeLeft UIInterfaceOrientationLandscapeRight";
				IPHONEOS_DEPLOYMENT_TARGET = 15.2;
				LD_RUNPATH_SEARCH_PATHS = (
					"$(inherited)",
					"@executable_path/Frameworks",
				);
				MARKETING_VERSION = 1.0;
				PRODUCT_BUNDLE_IDENTIFIER = com.jacksonhu.ElektronReader;
				PRODUCT_NAME = ElektronReader;
				SDKROOT = iphoneos;
				SUPPORTS_MACCATALYST = YES;
				SWIFT_EMIT_LOC_STRINGS = YES;
				SWIFT_VERSION = 5.0;
				TARGETED_DEVICE_FAMILY = "1,2,6";
				VALIDATE_PRODUCT = YES;
			};
			name = Release;
		};
		852EE23327782DB7006EFFF7 /* Debug */ = {
			isa = XCBuildConfiguration;
			baseConfigurationReference = 2B40458434FA7E647A75D0E9 /* Pods-ElektronReader (macOS).debug.xcconfig */;
			buildSettings = {
				ASSETCATALOG_COMPILER_APPICON_NAME = AppIcon;
				ASSETCATALOG_COMPILER_GLOBAL_ACCENT_COLOR_NAME = AccentColor;
				CODE_SIGN_ENTITLEMENTS = macOS/macOS.entitlements;
				CODE_SIGN_STYLE = Automatic;
				COMBINE_HIDPI_IMAGES = YES;
				CURRENT_PROJECT_VERSION = 1;
				DEVELOPMENT_TEAM = YQU64G4LPB;
				ENABLE_HARDENED_RUNTIME = YES;
				ENABLE_PREVIEWS = YES;
				GENERATE_INFOPLIST_FILE = YES;
				INFOPLIST_KEY_NSHumanReadableCopyright = "";
				LD_RUNPATH_SEARCH_PATHS = (
					"$(inherited)",
					"@executable_path/../Frameworks",
				);
				MACOSX_DEPLOYMENT_TARGET = 12.1;
				MARKETING_VERSION = 1.0;
				PRODUCT_BUNDLE_IDENTIFIER = com.jacksonhu.ElektronReader;
				PRODUCT_NAME = ElektronReader;
				SDKROOT = macosx;
				SWIFT_EMIT_LOC_STRINGS = YES;
				SWIFT_VERSION = 5.0;
			};
			name = Debug;
		};
		852EE23427782DB7006EFFF7 /* Release */ = {
			isa = XCBuildConfiguration;
			baseConfigurationReference = 5998C34DCD6A5081B64745B6 /* Pods-ElektronReader (macOS).release.xcconfig */;
			buildSettings = {
				ASSETCATALOG_COMPILER_APPICON_NAME = AppIcon;
				ASSETCATALOG_COMPILER_GLOBAL_ACCENT_COLOR_NAME = AccentColor;
				CODE_SIGN_ENTITLEMENTS = macOS/macOS.entitlements;
				CODE_SIGN_STYLE = Automatic;
				COMBINE_HIDPI_IMAGES = YES;
				CURRENT_PROJECT_VERSION = 1;
				DEVELOPMENT_TEAM = YQU64G4LPB;
				ENABLE_HARDENED_RUNTIME = YES;
				ENABLE_PREVIEWS = YES;
				GENERATE_INFOPLIST_FILE = YES;
				INFOPLIST_KEY_NSHumanReadableCopyright = "";
				LD_RUNPATH_SEARCH_PATHS = (
					"$(inherited)",
					"@executable_path/../Frameworks",
				);
				MACOSX_DEPLOYMENT_TARGET = 12.1;
				MARKETING_VERSION = 1.0;
				PRODUCT_BUNDLE_IDENTIFIER = com.jacksonhu.ElektronReader;
				PRODUCT_NAME = ElektronReader;
				SDKROOT = macosx;
				SWIFT_EMIT_LOC_STRINGS = YES;
				SWIFT_VERSION = 5.0;
			};
			name = Release;
		};
/* End XCBuildConfiguration section */

/* Begin XCConfigurationList section */
		852EE20E27782DB6006EFFF7 /* Build configuration list for PBXProject "ElektronReader" */ = {
			isa = XCConfigurationList;
			buildConfigurations = (
				852EE22D27782DB7006EFFF7 /* Debug */,
				852EE22E27782DB7006EFFF7 /* Release */,
			);
			defaultConfigurationIsVisible = 0;
			defaultConfigurationName = Release;
		};
		852EE22F27782DB7006EFFF7 /* Build configuration list for PBXNativeTarget "ElektronReader (iOS)" */ = {
			isa = XCConfigurationList;
			buildConfigurations = (
				852EE23027782DB7006EFFF7 /* Debug */,
				852EE23127782DB7006EFFF7 /* Release */,
			);
			defaultConfigurationIsVisible = 0;
			defaultConfigurationName = Release;
		};
		852EE23227782DB7006EFFF7 /* Build configuration list for PBXNativeTarget "ElektronReader (macOS)" */ = {
			isa = XCConfigurationList;
			buildConfigurations = (
				852EE23327782DB7006EFFF7 /* Debug */,
				852EE23427782DB7006EFFF7 /* Release */,
			);
			defaultConfigurationIsVisible = 0;
			defaultConfigurationName = Release;
		};
/* End XCConfigurationList section */

/* Begin XCVersionGroup section */
		852EE21027782DB6006EFFF7 /* ElektronReader.xcdatamodeld */ = {
			isa = XCVersionGroup;
			children = (
				852EE21127782DB6006EFFF7 /* Shared.xcdatamodel */,
			);
			currentVersion = 852EE21127782DB6006EFFF7 /* Shared.xcdatamodel */;
			path = ElektronReader.xcdatamodeld;
			sourceTree = "<group>";
			versionGroupType = wrapper.xcdatamodel;
		};
/* End XCVersionGroup section */
	};
	rootObject = 852EE20B27782DB6006EFFF7 /* Project object */;
}
